Microsoft Visual Studio Solution File, Format Version 12.00
# Visual Studio Version 17
VisualStudioVersion = 17.5.2.0
MinimumVisualStudioVersion = 10.0.40219.1
Project("{FAE04EC0-301F-11D3-BF4B-00C04F79EFBC}") = "ServiceProviderAPI", "ServiceProviderAPI.csproj", "{23446708-C107-859F-79D1-08176AA27EA0}"
EndProject
Global
	GlobalSection(SolutionConfigurationPlatforms) = preSolution
		Debug|Any CPU = Debug|Any CPU
		Release|Any CPU = Release|Any CPU
	EndGlobalSection
	GlobalSection(ProjectConfigurationPlatforms) = postSolution
		{23446708-C107-859F-79D1-08176AA27EA0}.Debug|Any CPU.ActiveCfg = Debug|Any CPU
		{23446708-C107-859F-79D1-08176AA27EA0}.Debug|Any CPU.Build.0 = Debug|Any CPU
		{23446708-C107-859F-79D1-08176AA27EA0}.Release|Any CPU.ActiveCfg = Release|Any CPU
		{23446708-C107-859F-79D1-08176AA27EA0}.Release|Any CPU.Build.0 = Release|Any CPU
	EndGlobalSection
	GlobalSection(SolutionProperties) = preSolution
		HideSolutionNode = FALSE
	EndGlobalSection
	GlobalSection(ExtensibilityGlobals) = postSolution
		SolutionGuid = {0EFC02DC-8A70-4F73-8759-E7309D56E33A}
	EndGlobalSection
EndGlobal
